
Microsoft Visual Studio Solution File, Format Version 12.00
# Visual Studio Version 16
VisualStudioVersion = 16.0.29905.134
MinimumVisualStudioVersion = 10.0.40219.1
Project("{FAE04EC0-301F-11D3-BF4B-00C04F79EFBC}") = "TuranEmlak", "TuranEmlak\TuranEmlak.csproj", "{B51AA9A4-4D09-4C51-BC3D-AF2774D9201B}"
EndProject
Project("{FAE04EC0-301F-11D3-BF4B-00C04F79EFBC}") = "DbLayer", "DbLayer\DbLayer.csproj", "{0C485515-A35B-4261-BD8C-F90A970F6B44}"
EndProject
Project("{FAE04EC0-301F-11D3-BF4B-00C04F79EFBC}") = "BussinessLayer", "BussinessLayer\BussinessLayer.csproj", "{8B3FC2A7-329E-4CA4-8D9B-9075A79F7F81}"
EndProject
Project("{FAE04EC0-301F-11D3-BF4B-00C04F79EFBC}") = "ExceptionLayer", "ExceptionLayer\ExceptionLayer.csproj", "{C25F2AD2-9830-4E54-9879-7CC461D91B3C}"
EndProject
Global
	GlobalSection(SolutionConfigurationPlatforms) = preSolution
		Debug|Any CPU = Debug|Any CPU
		Release|Any CPU = Release|Any CPU
	EndGlobalSection
	GlobalSection(ProjectConfigurationPlatforms) = postSolution
		{B51AA9A4-4D09-4C51-BC3D-AF2774D9201B}.Debug|Any CPU.ActiveCfg = Debug|Any CPU
		{B51AA9A4-4D09-4C51-BC3D-AF2774D9201B}.Debug|Any CPU.Build.0 = Debug|Any CPU
		{B51AA9A4-4D09-4C51-BC3D-AF2774D9201B}.Release|Any CPU.ActiveCfg = Release|Any CPU
		{B51AA9A4-4D09-4C51-BC3D-AF2774D9201B}.Release|Any CPU.Build.0 = Release|Any CPU
		{0C485515-A35B-4261-BD8C-F90A970F6B44}.Debug|Any CPU.ActiveCfg = Debug|Any CPU
		{0C485515-A35B-4261-BD8C-F90A970F6B44}.Debug|Any CPU.Build.0 = Debug|Any CPU
		{0C485515-A35B-4261-BD8C-F90A970F6B44}.Release|Any CPU.ActiveCfg = Release|Any CPU
		{0C485515-A35B-4261-BD8C-F90A970F6B44}.Release|Any CPU.Build.0 = Release|Any CPU
		{8B3FC2A7-329E-4CA4-8D9B-9075A79F7F81}.Debug|Any CPU.ActiveCfg = Debug|Any CPU
		{8B3FC2A7-329E-4CA4-8D9B-9075A79F7F81}.Debug|Any CPU.Build.0 = Debug|Any CPU
		{8B3FC2A7-329E-4CA4-8D9B-9075A79F7F81}.Release|Any CPU.ActiveCfg = Release|Any CPU
		{8B3FC2A7-329E-4CA4-8D9B-9075A79F7F81}.Release|Any CPU.Build.0 = Release|Any CPU
		{C25F2AD2-9830-4E54-9879-7CC461D91B3C}.Debug|Any CPU.ActiveCfg = Debug|Any CPU
		{C25F2AD2-9830-4E54-9879-7CC461D91B3C}.Debug|Any CPU.Build.0 = Debug|Any CPU
		{C25F2AD2-9830-4E54-9879-7CC461D91B3C}.Release|Any CPU.ActiveCfg = Release|Any CPU
		{C25F2AD2-9830-4E54-9879-7CC461D91B3C}.Release|Any CPU.Build.0 = Release|Any CPU
	EndGlobalSection
	GlobalSection(SolutionProperties) = preSolution
		HideSolutionNode = FALSE
	EndGlobalSection
	GlobalSection(ExtensibilityGlobals) = postSolution
		SolutionGuid = {625C1ADB-B815-40C9-8211-DA52E668DC81}
	EndGlobalSection
EndGlobal
