
Microsoft Visual Studio Solution File, Format Version 12.00
# Visual Studio Version 16
VisualStudioVersion = 16.0.29905.134
MinimumVisualStudioVersion = 10.0.40219.1
Project("{FAE04EC0-301F-11D3-BF4B-00C04F79EFBC}") = "FyDoxaBinaryFormat", "FyDoxaBinaryFormat\FyDoxaBinaryFormat.csproj", "{AE4B6BD4-E89F-4329-A47D-AD7FA58FC690}"
EndProject
Global
	GlobalSection(SolutionConfigurationPlatforms) = preSolution
		Debug|Any CPU = Debug|Any CPU
		Release|Any CPU = Release|Any CPU
	EndGlobalSection
	GlobalSection(ProjectConfigurationPlatforms) = postSolution
		{AE4B6BD4-E89F-4329-A47D-AD7FA58FC690}.Debug|Any CPU.ActiveCfg = Debug|Any CPU
		{AE4B6BD4-E89F-4329-A47D-AD7FA58FC690}.Debug|Any CPU.Build.0 = Debug|Any CPU
		{AE4B6BD4-E89F-4329-A47D-AD7FA58FC690}.Release|Any CPU.ActiveCfg = Release|Any CPU
		{AE4B6BD4-E89F-4329-A47D-AD7FA58FC690}.Release|Any CPU.Build.0 = Release|Any CPU
	EndGlobalSection
	GlobalSection(SolutionProperties) = preSolution
		HideSolutionNode = FALSE
	EndGlobalSection
	GlobalSection(ExtensibilityGlobals) = postSolution
		SolutionGuid = {B0686223-3419-4181-AC44-5C2C701BDAC2}
	EndGlobalSection
EndGlobal
