
Microsoft Visual Studio Solution File, Format Version 12.00
# Visual Studio Version 16
VisualStudioVersion = 16.0.29905.134
MinimumVisualStudioVersion = 10.0.40219.1
Project("{FAE04EC0-301F-11D3-BF4B-00C04F79EFBC}") = "FyDoxaAskerOtomasyonu", "FyDoxaAskerOtomasyonu\FyDoxaAskerOtomasyonu.csproj", "{0C52FCAA-6B8C-4325-8F9F-9C157D0ED55A}"
EndProject
Global
	GlobalSection(SolutionConfigurationPlatforms) = preSolution
		Debug|Any CPU = Debug|Any CPU
		Release|Any CPU = Release|Any CPU
	EndGlobalSection
	GlobalSection(ProjectConfigurationPlatforms) = postSolution
		{0C52FCAA-6B8C-4325-8F9F-9C157D0ED55A}.Debug|Any CPU.ActiveCfg = Debug|Any CPU
		{0C52FCAA-6B8C-4325-8F9F-9C157D0ED55A}.Debug|Any CPU.Build.0 = Debug|Any CPU
		{0C52FCAA-6B8C-4325-8F9F-9C157D0ED55A}.Release|Any CPU.ActiveCfg = Release|Any CPU
		{0C52FCAA-6B8C-4325-8F9F-9C157D0ED55A}.Release|Any CPU.Build.0 = Release|Any CPU
	EndGlobalSection
	GlobalSection(SolutionProperties) = preSolution
		HideSolutionNode = FALSE
	EndGlobalSection
	GlobalSection(ExtensibilityGlobals) = postSolution
		SolutionGuid = {E95C1E74-6693-4EE6-8F1E-2222615FE103}
	EndGlobalSection
EndGlobal
