
Microsoft Visual Studio Solution File, Format Version 12.00
# Visual Studio Version 16
VisualStudioVersion = 16.0.29905.134
MinimumVisualStudioVersion = 10.0.40219.1
Project("{FAE04EC0-301F-11D3-BF4B-00C04F79EFBC}") = "FyDoxaCsharpOgreniyorum_Ders1", "FyDoxaCsharpOgreniyorum_Ders1\FyDoxaCsharpOgreniyorum_Ders1.csproj", "{F7C05712-1BC7-4FEE-9B9F-624CFB602AA0}"
EndProject
Global
	GlobalSection(SolutionConfigurationPlatforms) = preSolution
		Debug|Any CPU = Debug|Any CPU
		Release|Any CPU = Release|Any CPU
	EndGlobalSection
	GlobalSection(ProjectConfigurationPlatforms) = postSolution
		{F7C05712-1BC7-4FEE-9B9F-624CFB602AA0}.Debug|Any CPU.ActiveCfg = Debug|Any CPU
		{F7C05712-1BC7-4FEE-9B9F-624CFB602AA0}.Debug|Any CPU.Build.0 = Debug|Any CPU
		{F7C05712-1BC7-4FEE-9B9F-624CFB602AA0}.Release|Any CPU.ActiveCfg = Release|Any CPU
		{F7C05712-1BC7-4FEE-9B9F-624CFB602AA0}.Release|Any CPU.Build.0 = Release|Any CPU
	EndGlobalSection
	GlobalSection(SolutionProperties) = preSolution
		HideSolutionNode = FALSE
	EndGlobalSection
	GlobalSection(ExtensibilityGlobals) = postSolution
		SolutionGuid = {B440D080-1A0C-4454-97A7-CA6B3CCC6360}
	EndGlobalSection
EndGlobal
