
Microsoft Visual Studio Solution File, Format Version 12.00
# Visual Studio Version 16
VisualStudioVersion = 16.0.29905.134
MinimumVisualStudioVersion = 10.0.40219.1
Project("{FAE04EC0-301F-11D3-BF4B-00C04F79EFBC}") = "DoxaGames", "DoxaGames\DoxaGames.csproj", "{A7EF7718-3CBE-4424-9BD0-756FE3D74F9C}"
EndProject
Global
	GlobalSection(SolutionConfigurationPlatforms) = preSolution
		Debug|Any CPU = Debug|Any CPU
		Release|Any CPU = Release|Any CPU
	EndGlobalSection
	GlobalSection(ProjectConfigurationPlatforms) = postSolution
		{A7EF7718-3CBE-4424-9BD0-756FE3D74F9C}.Debug|Any CPU.ActiveCfg = Debug|Any CPU
		{A7EF7718-3CBE-4424-9BD0-756FE3D74F9C}.Debug|Any CPU.Build.0 = Debug|Any CPU
		{A7EF7718-3CBE-4424-9BD0-756FE3D74F9C}.Release|Any CPU.ActiveCfg = Release|Any CPU
		{A7EF7718-3CBE-4424-9BD0-756FE3D74F9C}.Release|Any CPU.Build.0 = Release|Any CPU
	EndGlobalSection
	GlobalSection(SolutionProperties) = preSolution
		HideSolutionNode = FALSE
	EndGlobalSection
	GlobalSection(ExtensibilityGlobals) = postSolution
		SolutionGuid = {22D22AD8-B55D-40C0-9404-5EF9D72EA270}
	EndGlobalSection
EndGlobal
