
Microsoft Visual Studio Solution File, Format Version 12.00
# Visual Studio Version 16
VisualStudioVersion = 16.0.29905.134
MinimumVisualStudioVersion = 10.0.40219.1
Project("{FAE04EC0-301F-11D3-BF4B-00C04F79EFBC}") = "FyDoxaFileSystemWatcher", "FyDoxaFileSystemWatcher\FyDoxaFileSystemWatcher.csproj", "{71B214F6-E58E-40B1-94F6-3E2C70EF463F}"
EndProject
Global
	GlobalSection(SolutionConfigurationPlatforms) = preSolution
		Debug|Any CPU = Debug|Any CPU
		Release|Any CPU = Release|Any CPU
	EndGlobalSection
	GlobalSection(ProjectConfigurationPlatforms) = postSolution
		{71B214F6-E58E-40B1-94F6-3E2C70EF463F}.Debug|Any CPU.ActiveCfg = Debug|Any CPU
		{71B214F6-E58E-40B1-94F6-3E2C70EF463F}.Debug|Any CPU.Build.0 = Debug|Any CPU
		{71B214F6-E58E-40B1-94F6-3E2C70EF463F}.Release|Any CPU.ActiveCfg = Release|Any CPU
		{71B214F6-E58E-40B1-94F6-3E2C70EF463F}.Release|Any CPU.Build.0 = Release|Any CPU
	EndGlobalSection
	GlobalSection(SolutionProperties) = preSolution
		HideSolutionNode = FALSE
	EndGlobalSection
	GlobalSection(ExtensibilityGlobals) = postSolution
		SolutionGuid = {9884E194-2638-4E67-B2A5-FE62FE5CCA3D}
	EndGlobalSection
EndGlobal
