
Microsoft Visual Studio Solution File, Format Version 12.00
# Visual Studio Version 16
VisualStudioVersion = 16.0.29905.134
MinimumVisualStudioVersion = 10.0.40219.1
Project("{FAE04EC0-301F-11D3-BF4B-00C04F79EFBC}") = "HastaneDAL", "HastaneDAL\HastaneDAL.csproj", "{9A98471B-2B4D-4E7A-9744-00DAA635B92A}"
EndProject
Global
	GlobalSection(SolutionConfigurationPlatforms) = preSolution
		Debug|Any CPU = Debug|Any CPU
		Release|Any CPU = Release|Any CPU
	EndGlobalSection
	GlobalSection(ProjectConfigurationPlatforms) = postSolution
		{9A98471B-2B4D-4E7A-9744-00DAA635B92A}.Debug|Any CPU.ActiveCfg = Debug|Any CPU
		{9A98471B-2B4D-4E7A-9744-00DAA635B92A}.Debug|Any CPU.Build.0 = Debug|Any CPU
		{9A98471B-2B4D-4E7A-9744-00DAA635B92A}.Release|Any CPU.ActiveCfg = Release|Any CPU
		{9A98471B-2B4D-4E7A-9744-00DAA635B92A}.Release|Any CPU.Build.0 = Release|Any CPU
	EndGlobalSection
	GlobalSection(SolutionProperties) = preSolution
		HideSolutionNode = FALSE
	EndGlobalSection
	GlobalSection(ExtensibilityGlobals) = postSolution
		SolutionGuid = {169B57B5-5363-453B-92BE-A37B12BAF3E3}
	EndGlobalSection
EndGlobal
