
Microsoft Visual Studio Solution File, Format Version 12.00
# Visual Studio Version 16
VisualStudioVersion = 16.0.29905.134
MinimumVisualStudioVersion = 10.0.40219.1
Project("{FAE04EC0-301F-11D3-BF4B-00C04F79EFBC}") = "Proje2710208", "Proje2710208\Proje2710208.csproj", "{95936023-9E37-44EC-BCFB-8E686B5B3F14}"
EndProject
Global
	GlobalSection(SolutionConfigurationPlatforms) = preSolution
		Debug|Any CPU = Debug|Any CPU
		Release|Any CPU = Release|Any CPU
	EndGlobalSection
	GlobalSection(ProjectConfigurationPlatforms) = postSolution
		{95936023-9E37-44EC-BCFB-8E686B5B3F14}.Debug|Any CPU.ActiveCfg = Debug|Any CPU
		{95936023-9E37-44EC-BCFB-8E686B5B3F14}.Debug|Any CPU.Build.0 = Debug|Any CPU
		{95936023-9E37-44EC-BCFB-8E686B5B3F14}.Release|Any CPU.ActiveCfg = Release|Any CPU
		{95936023-9E37-44EC-BCFB-8E686B5B3F14}.Release|Any CPU.Build.0 = Release|Any CPU
	EndGlobalSection
	GlobalSection(SolutionProperties) = preSolution
		HideSolutionNode = FALSE
	EndGlobalSection
	GlobalSection(ExtensibilityGlobals) = postSolution
		SolutionGuid = {802BF63F-86B5-4329-9185-A73D67AD959F}
	EndGlobalSection
EndGlobal
