
Microsoft Visual Studio Solution File, Format Version 12.00
# Visual Studio Version 16
VisualStudioVersion = 16.0.29905.134
MinimumVisualStudioVersion = 10.0.40219.1
Project("{FAE04EC0-301F-11D3-BF4B-00C04F79EFBC}") = "SinemaDAL", "SinemaDAL\SinemaDAL.csproj", "{2C66F490-B158-4D17-982E-92D19DBE6448}"
EndProject
Global
	GlobalSection(SolutionConfigurationPlatforms) = preSolution
		Debug|Any CPU = Debug|Any CPU
		Release|Any CPU = Release|Any CPU
	EndGlobalSection
	GlobalSection(ProjectConfigurationPlatforms) = postSolution
		{2C66F490-B158-4D17-982E-92D19DBE6448}.Debug|Any CPU.ActiveCfg = Debug|Any CPU
		{2C66F490-B158-4D17-982E-92D19DBE6448}.Debug|Any CPU.Build.0 = Debug|Any CPU
		{2C66F490-B158-4D17-982E-92D19DBE6448}.Release|Any CPU.ActiveCfg = Release|Any CPU
		{2C66F490-B158-4D17-982E-92D19DBE6448}.Release|Any CPU.Build.0 = Release|Any CPU
	EndGlobalSection
	GlobalSection(SolutionProperties) = preSolution
		HideSolutionNode = FALSE
	EndGlobalSection
	GlobalSection(ExtensibilityGlobals) = postSolution
		SolutionGuid = {4EF1DB60-0897-41AB-A2C9-957B206DC2E1}
	EndGlobalSection
EndGlobal
