
Microsoft Visual Studio Solution File, Format Version 11.00
# Visual Studio 2010
Project("{FAE04EC0-301F-11D3-BF4B-00C04F79EFBC}") = "DoxaSMO", "DoxaSMO\DoxaSMO.csproj", "{DE6B280B-4D48-4883-9F02-6EB5AF1B3999}"
EndProject
Global
	GlobalSection(SolutionConfigurationPlatforms) = preSolution
		Debug|Any CPU = Debug|Any CPU
		Release|Any CPU = Release|Any CPU
	EndGlobalSection
	GlobalSection(ProjectConfigurationPlatforms) = postSolution
		{DE6B280B-4D48-4883-9F02-6EB5AF1B3999}.Debug|Any CPU.ActiveCfg = Debug|Any CPU
		{DE6B280B-4D48-4883-9F02-6EB5AF1B3999}.Debug|Any CPU.Build.0 = Debug|Any CPU
		{DE6B280B-4D48-4883-9F02-6EB5AF1B3999}.Release|Any CPU.ActiveCfg = Release|Any CPU
		{DE6B280B-4D48-4883-9F02-6EB5AF1B3999}.Release|Any CPU.Build.0 = Release|Any CPU
	EndGlobalSection
	GlobalSection(SolutionProperties) = preSolution
		HideSolutionNode = FALSE
	EndGlobalSection
EndGlobal
