
Microsoft Visual Studio Solution File, Format Version 12.00
# Visual Studio Version 16
VisualStudioVersion = 16.0.29905.134
MinimumVisualStudioVersion = 10.0.40219.1
Project("{FAE04EC0-301F-11D3-BF4B-00C04F79EFBC}") = "CanerMatik", "CanerMatik\CanerMatik.csproj", "{56E361A1-677E-4B1E-836A-F7114FB20F11}"
EndProject
Global
	GlobalSection(SolutionConfigurationPlatforms) = preSolution
		Debug|Any CPU = Debug|Any CPU
		Release|Any CPU = Release|Any CPU
	EndGlobalSection
	GlobalSection(ProjectConfigurationPlatforms) = postSolution
		{56E361A1-677E-4B1E-836A-F7114FB20F11}.Debug|Any CPU.ActiveCfg = Debug|Any CPU
		{56E361A1-677E-4B1E-836A-F7114FB20F11}.Debug|Any CPU.Build.0 = Debug|Any CPU
		{56E361A1-677E-4B1E-836A-F7114FB20F11}.Release|Any CPU.ActiveCfg = Release|Any CPU
		{56E361A1-677E-4B1E-836A-F7114FB20F11}.Release|Any CPU.Build.0 = Release|Any CPU
	EndGlobalSection
	GlobalSection(SolutionProperties) = preSolution
		HideSolutionNode = FALSE
	EndGlobalSection
	GlobalSection(ExtensibilityGlobals) = postSolution
		SolutionGuid = {EFD0464F-723D-4554-AEF7-93DAD685A57B}
	EndGlobalSection
EndGlobal
