
Microsoft Visual Studio Solution File, Format Version 12.00
# Visual Studio Version 16
VisualStudioVersion = 16.0.29905.134
MinimumVisualStudioVersion = 10.0.40219.1
Project("{FAE04EC0-301F-11D3-BF4B-00C04F79EFBC}") = "30Aralik08", "30Aralik08\30Aralik08.csproj", "{A16ADABA-E771-4EB1-8A68-D994BC552783}"
EndProject
Global
	GlobalSection(SolutionConfigurationPlatforms) = preSolution
		Debug|Any CPU = Debug|Any CPU
		Release|Any CPU = Release|Any CPU
	EndGlobalSection
	GlobalSection(ProjectConfigurationPlatforms) = postSolution
		{A16ADABA-E771-4EB1-8A68-D994BC552783}.Debug|Any CPU.ActiveCfg = Debug|Any CPU
		{A16ADABA-E771-4EB1-8A68-D994BC552783}.Debug|Any CPU.Build.0 = Debug|Any CPU
		{A16ADABA-E771-4EB1-8A68-D994BC552783}.Release|Any CPU.ActiveCfg = Release|Any CPU
		{A16ADABA-E771-4EB1-8A68-D994BC552783}.Release|Any CPU.Build.0 = Release|Any CPU
	EndGlobalSection
	GlobalSection(SolutionProperties) = preSolution
		HideSolutionNode = FALSE
	EndGlobalSection
	GlobalSection(ExtensibilityGlobals) = postSolution
		SolutionGuid = {B9EC5850-5F7C-4443-A817-474DD0D68046}
	EndGlobalSection
EndGlobal
