
Microsoft Visual Studio Solution File, Format Version 12.00
# Visual Studio Version 16
VisualStudioVersion = 16.0.29905.134
MinimumVisualStudioVersion = 10.0.40219.1
Project("{FAE04EC0-301F-11D3-BF4B-00C04F79EFBC}") = "FyDoxaAddDrop", "FyDoxaAddDrop\FyDoxaAddDrop.csproj", "{0E9B5396-052C-4961-9A42-4D89EF691CBA}"
EndProject
Global
	GlobalSection(SolutionConfigurationPlatforms) = preSolution
		Debug|Any CPU = Debug|Any CPU
		Release|Any CPU = Release|Any CPU
	EndGlobalSection
	GlobalSection(ProjectConfigurationPlatforms) = postSolution
		{0E9B5396-052C-4961-9A42-4D89EF691CBA}.Debug|Any CPU.ActiveCfg = Debug|Any CPU
		{0E9B5396-052C-4961-9A42-4D89EF691CBA}.Debug|Any CPU.Build.0 = Debug|Any CPU
		{0E9B5396-052C-4961-9A42-4D89EF691CBA}.Release|Any CPU.ActiveCfg = Release|Any CPU
		{0E9B5396-052C-4961-9A42-4D89EF691CBA}.Release|Any CPU.Build.0 = Release|Any CPU
	EndGlobalSection
	GlobalSection(SolutionProperties) = preSolution
		HideSolutionNode = FALSE
	EndGlobalSection
	GlobalSection(ExtensibilityGlobals) = postSolution
		SolutionGuid = {88E93642-F1CE-45D1-A042-A4FF6A5DFB3B}
	EndGlobalSection
EndGlobal
