
Microsoft Visual Studio Solution File, Format Version 12.00
# Visual Studio Version 16
VisualStudioVersion = 16.0.29905.134
MinimumVisualStudioVersion = 10.0.40219.1
Project("{FAE04EC0-301F-11D3-BF4B-00C04F79EFBC}") = "Fy_new_laptop_26Ekim08", "Fy_new_laptop_26Ekim08\Fy_new_laptop_26Ekim08.csproj", "{B1C3FA29-6F3C-48B6-B3BB-AD8A60C88174}"
EndProject
Global
	GlobalSection(SolutionConfigurationPlatforms) = preSolution
		Debug|Any CPU = Debug|Any CPU
		Release|Any CPU = Release|Any CPU
	EndGlobalSection
	GlobalSection(ProjectConfigurationPlatforms) = postSolution
		{B1C3FA29-6F3C-48B6-B3BB-AD8A60C88174}.Debug|Any CPU.ActiveCfg = Debug|Any CPU
		{B1C3FA29-6F3C-48B6-B3BB-AD8A60C88174}.Debug|Any CPU.Build.0 = Debug|Any CPU
		{B1C3FA29-6F3C-48B6-B3BB-AD8A60C88174}.Release|Any CPU.ActiveCfg = Release|Any CPU
		{B1C3FA29-6F3C-48B6-B3BB-AD8A60C88174}.Release|Any CPU.Build.0 = Release|Any CPU
	EndGlobalSection
	GlobalSection(SolutionProperties) = preSolution
		HideSolutionNode = FALSE
	EndGlobalSection
	GlobalSection(ExtensibilityGlobals) = postSolution
		SolutionGuid = {7321831A-CE2A-47E6-8C32-08CD47826988}
	EndGlobalSection
EndGlobal
