
Microsoft Visual Studio Solution File, Format Version 12.00
# Visual Studio Version 16
VisualStudioVersion = 16.0.29905.134
MinimumVisualStudioVersion = 10.0.40219.1
Project("{FAE04EC0-301F-11D3-BF4B-00C04F79EFBC}") = "FyDoxaOkul", "FyDoxaOkul\FyDoxaOkul.csproj", "{D53523B0-CA3E-4C16-A54F-D03F77F75EEB}"
EndProject
Global
	GlobalSection(SolutionConfigurationPlatforms) = preSolution
		Debug|Any CPU = Debug|Any CPU
		Release|Any CPU = Release|Any CPU
	EndGlobalSection
	GlobalSection(ProjectConfigurationPlatforms) = postSolution
		{D53523B0-CA3E-4C16-A54F-D03F77F75EEB}.Debug|Any CPU.ActiveCfg = Debug|Any CPU
		{D53523B0-CA3E-4C16-A54F-D03F77F75EEB}.Debug|Any CPU.Build.0 = Debug|Any CPU
		{D53523B0-CA3E-4C16-A54F-D03F77F75EEB}.Release|Any CPU.ActiveCfg = Release|Any CPU
		{D53523B0-CA3E-4C16-A54F-D03F77F75EEB}.Release|Any CPU.Build.0 = Release|Any CPU
	EndGlobalSection
	GlobalSection(SolutionProperties) = preSolution
		HideSolutionNode = FALSE
	EndGlobalSection
	GlobalSection(ExtensibilityGlobals) = postSolution
		SolutionGuid = {76720CD8-450E-4598-A7AD-DA2C98CBCDEF}
	EndGlobalSection
EndGlobal
