
Microsoft Visual Studio Solution File, Format Version 12.00
# Visual Studio Version 16
VisualStudioVersion = 16.0.29905.134
MinimumVisualStudioVersion = 10.0.40219.1
Project("{FAE04EC0-301F-11D3-BF4B-00C04F79EFBC}") = "FyDoxaToplanti", "FyDoxaToplanti\FyDoxaToplanti.csproj", "{1280A34E-A917-4E3E-9768-0FBCF1BEE89A}"
EndProject
Global
	GlobalSection(SolutionConfigurationPlatforms) = preSolution
		Debug|Any CPU = Debug|Any CPU
		Release|Any CPU = Release|Any CPU
	EndGlobalSection
	GlobalSection(ProjectConfigurationPlatforms) = postSolution
		{1280A34E-A917-4E3E-9768-0FBCF1BEE89A}.Debug|Any CPU.ActiveCfg = Debug|Any CPU
		{1280A34E-A917-4E3E-9768-0FBCF1BEE89A}.Debug|Any CPU.Build.0 = Debug|Any CPU
		{1280A34E-A917-4E3E-9768-0FBCF1BEE89A}.Release|Any CPU.ActiveCfg = Release|Any CPU
		{1280A34E-A917-4E3E-9768-0FBCF1BEE89A}.Release|Any CPU.Build.0 = Release|Any CPU
	EndGlobalSection
	GlobalSection(SolutionProperties) = preSolution
		HideSolutionNode = FALSE
	EndGlobalSection
	GlobalSection(ExtensibilityGlobals) = postSolution
		SolutionGuid = {7ECF24EC-E38C-49BC-A368-15954EA7855F}
	EndGlobalSection
EndGlobal
